{
  "requires": true,
  "lockfileVersion": 1,
  "dependencies": {
    "d3-array": {
      "version": "1.2.4",
      "resolved": "https://registry.npmjs.org/d3-array/-/d3-array-1.2.4.tgz",
      "integrity": "sha512-KHW6M86R+FUPYGb3R5XiYjXPq7VzwxZ22buHhAEVG5ztoEcZZMLov530mmccaqA1GghZArjQV46fuc8kUqhhHw=="
    },
    "d3-collection": {
      "version": "1.0.7",
      "resolved": "https://registry.npmjs.org/d3-collection/-/d3-collection-1.0.7.tgz",
      "integrity": "sha512-ii0/r5f4sjKNTfh84Di+DpztYwqKhEyUlKoPrzUFfeSkWxjW49xU2QzO9qrPrNkpdI0XJkfzvmTu8V2Zylln6A=="
    },
    "d3-color": {
      "version": "1.4.1",
      "resolved": "https://registry.npmjs.org/d3-color/-/d3-color-1.4.1.tgz",
      "integrity": "sha512-p2sTHSLCJI2QKunbGb7ocOh7DgTAn8IrLx21QRc/BSnodXM4sv6aLQlnfpvehFMLZEfBc6g9pH9SWQccFYfJ9Q=="
    },
    "d3-ease": {
      "version": "1.0.6",
      "resolved": "https://registry.npmjs.org/d3-ease/-/d3-ease-1.0.6.tgz",
      "integrity": "sha512-SZ/lVU7LRXafqp7XtIcBdxnWl8yyLpgOmzAk0mWBI9gXNzLDx5ybZgnRbH9dN/yY5tzVBqCQ9avltSnqVwessQ=="
    },
    "d3-format": {
      "version": "1.4.4",
      "resolved": "https://registry.npmjs.org/d3-format/-/d3-format-1.4.4.tgz",
      "integrity": "sha512-TWks25e7t8/cqctxCmxpUuzZN11QxIA7YrMbram94zMQ0PXjE4LVIMe/f6a4+xxL8HQ3OsAFULOINQi1pE62Aw=="
    },
    "d3-interpolate": {
      "version": "1.4.0",
      "resolved": "https://registry.npmjs.org/d3-interpolate/-/d3-interpolate-1.4.0.tgz",
      "integrity": "sha512-V9znK0zc3jOPV4VD2zZn0sDhZU3WAE2bmlxdIwwQPPzPjvyLkd8B3JUVdS1IDUFDkWZ72c9qnv1GK2ZagTZ8EA==",
      "requires": {
        "d3-color": "1"
      }
    },
    "d3-path": {
      "version": "1.0.9",
      "resolved": "https://registry.npmjs.org/d3-path/-/d3-path-1.0.9.tgz",
      "integrity": "sha512-VLaYcn81dtHVTjEHd8B+pbe9yHWpXKZUC87PzoFmsFrJqgFwDe/qxfp5MlfsfM1V5E/iVt0MmEbWQ7FVIXh/bg=="
    },
    "d3-scale": {
      "version": "1.0.7",
      "resolved": "https://registry.npmjs.org/d3-scale/-/d3-scale-1.0.7.tgz",
      "integrity": "sha512-KvU92czp2/qse5tUfGms6Kjig0AhHOwkzXG0+PqIJB3ke0WUv088AHMZI0OssO9NCkXt4RP8yju9rpH8aGB7Lw==",
      "requires": {
        "d3-array": "^1.2.0",
        "d3-collection": "1",
        "d3-color": "1",
        "d3-format": "1",
        "d3-interpolate": "1",
        "d3-time": "1",
        "d3-time-format": "2"
      }
    },
    "d3-shape": {
      "version": "1.3.7",
      "resolved": "https://registry.npmjs.org/d3-shape/-/d3-shape-1.3.7.tgz",
      "integrity": "sha512-EUkvKjqPFUAZyOlhY5gzCxCeI0Aep04LwIRpsZ/mLFelJiUfnK56jo5JMDSE7yyP2kLSb6LtF+S5chMk7uqPqw==",
      "requires": {
        "d3-path": "1"
      }
    },
    "d3-time": {
      "version": "1.1.0",
      "resolved": "https://registry.npmjs.org/d3-time/-/d3-time-1.1.0.tgz",
      "integrity": "sha512-Xh0isrZ5rPYYdqhAVk8VLnMEidhz5aP7htAADH6MfzgmmicPkTo8LhkLxci61/lCB7n7UmE3bN0leRt+qvkLxA=="
    },
    "d3-time-format": {
      "version": "2.2.3",
      "resolved": "https://registry.npmjs.org/d3-time-format/-/d3-time-format-2.2.3.tgz",
      "integrity": "sha512-RAHNnD8+XvC4Zc4d2A56Uw0yJoM7bsvOlJR33bclxq399Rak/b9bhvu/InjxdWhPtkgU53JJcleJTGkNRnN6IA==",
      "requires": {
        "d3-time": "1"
      }
    },
    "d3-timer": {
      "version": "1.0.10",
      "resolved": "https://registry.npmjs.org/d3-timer/-/d3-timer-1.0.10.tgz",
      "integrity": "sha512-B1JDm0XDaQC+uvo4DT79H0XmBskgS3l6Ve+1SBCfxgmtIb1AVrPIoqd+nPSv+loMX8szQ0sVUhGngL7D5QPiXw=="
    },
    "d3-voronoi": {
      "version": "1.1.4",
      "resolved": "https://registry.npmjs.org/d3-voronoi/-/d3-voronoi-1.1.4.tgz",
      "integrity": "sha512-dArJ32hchFsrQ8uMiTBLq256MpnZjeuBtdHpaDlYuQyjU0CVzCJl/BVW+SkszaAeH95D/8gxqAhgx0ouAWAfRg=="
    },
    "delaunator": {
      "version": "4.0.1",
      "resolved": "https://registry.npmjs.org/delaunator/-/delaunator-4.0.1.tgz",
      "integrity": "sha512-WNPWi1IRKZfCt/qIDMfERkDp93+iZEmOxN2yy4Jg+Xhv8SLk2UTqqbe1sfiipn0and9QrE914/ihdx82Y/Giag=="
    },
    "delaunay-find": {
      "version": "0.0.5",
      "resolved": "https://registry.npmjs.org/delaunay-find/-/delaunay-find-0.0.5.tgz",
      "integrity": "sha512-7yAJ/wmKWj3SgqjtkGqT/RCwI0HWAo5YnHMoF5nYXD8cdci+YSo23iPmgrZUNOpDxRWN91PqxUvMMr2lKpjr+w==",
      "requires": {
        "delaunator": "^4.0.0"
      }
    },
    "js-tokens": {
      "version": "4.0.0",
      "resolved": "https://registry.npmjs.org/js-tokens/-/js-tokens-4.0.0.tgz",
      "integrity": "sha512-RdJUflcE3cUzKiMqQgsCu06FPu9UdIJO0beYbPhHN4k6apgJtifcoCtT9bcxOpYBtpD2kCM6Sbzg4CausW/PKQ=="
    },
    "lodash": {
      "version": "4.17.15",
      "resolved": "https://registry.npmjs.org/lodash/-/lodash-4.17.15.tgz",
      "integrity": "sha512-8xOcRHvCjnocdS5cpwXQXVzmmh5e5+saE2QGoeQmbKmRS6J3VQppPOIt0MnmE+4xlZoumy0GPG0D0MVIQbNA1A=="
    },
    "loose-envify": {
      "version": "1.4.0",
      "resolved": "https://registry.npmjs.org/loose-envify/-/loose-envify-1.4.0.tgz",
      "integrity": "sha512-lyuxPGr/Wfhrlem2CL/UcnUc1zcqKAImBDzukY7Y5F/yQiNdko6+fRLevlw1HgMySw7f611UIY408EtxRSoK3Q==",
      "requires": {
        "js-tokens": "^3.0.0 || ^4.0.0"
      }
    },
    "object-assign": {
      "version": "4.1.1",
      "resolved": "https://registry.npmjs.org/object-assign/-/object-assign-4.1.1.tgz",
      "integrity": "sha1-IQmtx5ZYh8/AXLvUQsrIv7s2CGM="
    },
    "prop-types": {
      "version": "15.7.2",
      "resolved": "https://registry.npmjs.org/prop-types/-/prop-types-15.7.2.tgz",
      "integrity": "sha512-8QQikdH7//R2vurIJSutZ1smHYTcLpRWEOlHnzcWHmBYrOGUysKwSsrC89BCiFj3CbrfJ/nXFdJepOVrY1GCHQ==",
      "requires": {
        "loose-envify": "^1.4.0",
        "object-assign": "^4.1.1",
        "react-is": "^16.8.1"
      }
    },
    "react-fast-compare": {
      "version": "2.0.4",
      "resolved": "https://registry.npmjs.org/react-fast-compare/-/react-fast-compare-2.0.4.tgz",
      "integrity": "sha512-suNP+J1VU1MWFKcyt7RtjiSWUjvidmQSlqu+eHslq+342xCbGTYmC0mEhPCOHxlW0CywylOC1u2DFAT+bv4dBw=="
    },
    "react-is": {
      "version": "16.13.1",
      "resolved": "https://registry.npmjs.org/react-is/-/react-is-16.13.1.tgz",
      "integrity": "sha512-24e6ynE2H+OKt4kqsOvNd8kBpV65zoxbA4BVsEOB3ARVWQki/DHzaUoC5KuON/BiccDaCCTZBuOcfZs70kR8bQ=="
    },
    "victory": {
      "version": "34.1.3",
      "resolved": "https://registry.npmjs.org/victory/-/victory-34.1.3.tgz",
      "integrity": "sha512-cR/l05bPD6KBx0lZS3SemXKxftkIXXVZSRLaIuZc2HDVanNaf+N0c3e2N9f9z+NPM+2HTVrg2wXT94NGSnDSZg==",
      "requires": {
        "victory-area": "^34.1.3",
        "victory-axis": "^34.1.3",
        "victory-bar": "^34.1.3",
        "victory-box-plot": "^34.1.3",
        "victory-brush-container": "^34.1.3",
        "victory-brush-line": "^34.1.3",
        "victory-candlestick": "^34.1.3",
        "victory-chart": "^34.1.3",
        "victory-core": "^34.1.3",
        "victory-create-container": "^34.1.3",
        "victory-cursor-container": "^34.1.3",
        "victory-errorbar": "^34.1.3",
        "victory-group": "^34.1.3",
        "victory-legend": "^34.1.3",
        "victory-line": "^34.1.3",
        "victory-pie": "^34.1.3",
        "victory-polar-axis": "^34.1.3",
        "victory-scatter": "^34.1.3",
        "victory-selection-container": "^34.1.3",
        "victory-shared-events": "^34.1.3",
        "victory-stack": "^34.1.3",
        "victory-tooltip": "^34.1.3",
        "victory-voronoi": "^34.1.3",
        "victory-voronoi-container": "^34.1.3",
        "victory-zoom-container": "^34.1.3"
      }
    },
    "victory-area": {
      "version": "34.1.3",
      "resolved": "https://registry.npmjs.org/victory-area/-/victory-area-34.1.3.tgz",
      "integrity": "sha512-okxLiazZqA0S8on9g9VH319I7kl0jvYin7N8F+943Nh+wxo9mLMQ1KZC63M1wBMwuAn6pbisGDIFW+1Z48669A==",
      "requires": {
        "d3-shape": "^1.2.0",
        "lodash": "^4.17.15",
        "prop-types": "^15.5.8",
        "victory-core": "^34.1.3"
      }
    },
    "victory-axis": {
      "version": "34.1.3",
      "resolved": "https://registry.npmjs.org/victory-axis/-/victory-axis-34.1.3.tgz",
      "integrity": "sha512-SYb33+DPRs9A/qWzfoWwWaa7zYpiC3BSn6XPyFUpcDXtKmaoGUVvBFZ4XM+KUp4xattRpNaT1ZYuEFzTSMGafQ==",
      "requires": {
        "lodash": "^4.17.15",
        "prop-types": "^15.5.8",
        "victory-core": "^34.1.3"
      }
    },
    "victory-bar": {
      "version": "34.1.3",
      "resolved": "https://registry.npmjs.org/victory-bar/-/victory-bar-34.1.3.tgz",
      "integrity": "sha512-E7uJ7B6SbIhVfm4mRiT/dSBLW6XLXEswEkARdKlgmUN+ope1FRn7/Nw9xV4DIV7qv0leF9v/tOzTtqd9HpkScQ==",
      "requires": {
        "d3-shape": "^1.2.0",
        "lodash": "^4.17.15",
        "prop-types": "^15.5.8",
        "victory-core": "^34.1.3"
      }
    },
    "victory-box-plot": {
      "version": "34.1.3",
      "resolved": "https://registry.npmjs.org/victory-box-plot/-/victory-box-plot-34.1.3.tgz",
      "integrity": "sha512-Vu9teOX6fq/2M5dGgpBQ6T8L9CTNjg8FovtBdC1IXM5Vb1e3QGWch0YdKznel7iz5wXeGHETeFVkM8rcdZVlow==",
      "requires": {
        "d3-array": "^1.2.0",
        "lodash": "^4.17.15",
        "prop-types": "^15.5.8",
        "victory-core": "^34.1.3"
      }
    },
    "victory-brush-container": {
      "version": "34.1.3",
      "resolved": "https://registry.npmjs.org/victory-brush-container/-/victory-brush-container-34.1.3.tgz",
      "integrity": "sha512-Aetee49fckVy0591VV70V2WJ+WQMUShyavI9JzcqDFjp0PiPS2vuR7mW3jbxtLTvUytjX3vHhYeQrZ04IW0o3Q==",
      "requires": {
        "lodash": "^4.17.15",
        "prop-types": "^15.5.8",
        "react-fast-compare": "^2.0.0",
        "victory-core": "^34.1.3"
      }
    },
    "victory-brush-line": {
      "version": "34.1.3",
      "resolved": "https://registry.npmjs.org/victory-brush-line/-/victory-brush-line-34.1.3.tgz",
      "integrity": "sha512-2PnqftcrTei6vXf108fNfib1uzteE+96JpLdpTjPf/O2oJRIpLq465F1iItrKdOrHiDvDJPKg4J2q2ZCEZIoWw==",
      "requires": {
        "lodash": "^4.17.15",
        "prop-types": "^15.5.8",
        "react-fast-compare": "^2.0.0",
        "victory-core": "^34.1.3"
      }
    },
    "victory-candlestick": {
      "version": "34.1.3",
      "resolved": "https://registry.npmjs.org/victory-candlestick/-/victory-candlestick-34.1.3.tgz",
      "integrity": "sha512-aBN6oSvzNvMvvupVIX1nkKyvVgtQVXigY2FlcZ3wH6ejzeQjtey8hl9XaPyBXE+5K0nLGCJqropEQJnwWW9ciA==",
      "requires": {
        "lodash": "^4.17.15",
        "prop-types": "^15.5.8",
        "victory-core": "^34.1.3"
      }
    },
    "victory-chart": {
      "version": "34.1.3",
      "resolved": "https://registry.npmjs.org/victory-chart/-/victory-chart-34.1.3.tgz",
      "integrity": "sha512-RtOAggAege2OI8zmC5dVjWgAquu90MhbplaT+7oF/u+jTZvptInRVnj5IdBV7KrCAKQTomFK5VlE01BrihZjHg==",
      "requires": {
        "lodash": "^4.17.15",
        "prop-types": "^15.5.8",
        "react-fast-compare": "^2.0.0",
        "victory-axis": "^34.1.3",
        "victory-core": "^34.1.3",
        "victory-polar-axis": "^34.1.3",
        "victory-shared-events": "^34.1.3"
      }
    },
    "victory-core": {
      "version": "34.1.3",
      "resolved": "https://registry.npmjs.org/victory-core/-/victory-core-34.1.3.tgz",
      "integrity": "sha512-LvJ18WYk4C1tOeJ4ev2nT+Xjsw6MX0Ib1l473wDBPFznksxN3xQndiUC3xn3HAaeP6YVsiUGo6MeffwitENwOA==",
      "requires": {
        "d3-ease": "^1.0.0",
        "d3-interpolate": "^1.1.1",
        "d3-scale": "^1.0.0",
        "d3-shape": "^1.2.0",
        "d3-timer": "^1.0.0",
        "lodash": "^4.17.15",
        "prop-types": "^15.5.8",
        "react-fast-compare": "^2.0.0"
      }
    },
    "victory-create-container": {
      "version": "34.1.3",
      "resolved": "https://registry.npmjs.org/victory-create-container/-/victory-create-container-34.1.3.tgz",
      "integrity": "sha512-JOt3nsDGEUdbfbJx1Ol+WGWj/CaqvUqHuXNNEPzBoXnaabodICCMw0pL0VLsDDd5wVnEf+SR5FfJ8QDDP328ew==",
      "requires": {
        "lodash": "^4.17.15",
        "victory-brush-container": "^34.1.3",
        "victory-core": "^34.1.3",
        "victory-cursor-container": "^34.1.3",
        "victory-selection-container": "^34.1.3",
        "victory-voronoi-container": "^34.1.3",
        "victory-zoom-container": "^34.1.3"
      }
    },
    "victory-cursor-container": {
      "version": "34.1.3",
      "resolved": "https://registry.npmjs.org/victory-cursor-container/-/victory-cursor-container-34.1.3.tgz",
      "integrity": "sha512-E360qPHaay5pfv+/0UbCUvXX9x0gQVbz+87QDC/GKG2ETgr9uLDDRumO5mx/KnuDgQE+phF1qcPeeflLSatndw==",
      "requires": {
        "lodash": "^4.17.15",
        "prop-types": "^15.5.8",
        "victory-core": "^34.1.3"
      }
    },
    "victory-errorbar": {
      "version": "34.1.3",
      "resolved": "https://registry.npmjs.org/victory-errorbar/-/victory-errorbar-34.1.3.tgz",
      "integrity": "sha512-n+/LJadMitD4To1Ud3A9nrxwDi470f5LUW5a9dYL+Gu0Hcip+d4VzyIvBM9pIJ0uKJRffMifWPN2UNl1mgBeGw==",
      "requires": {
        "lodash": "^4.17.15",
        "prop-types": "^15.5.8",
        "victory-core": "^34.1.3"
      }
    },
    "victory-group": {
      "version": "34.1.3",
      "resolved": "https://registry.npmjs.org/victory-group/-/victory-group-34.1.3.tgz",
      "integrity": "sha512-FkjbtU3yr4U0FGxogaoCKohqJrMp6HZpAZJZaFzlgQiM6TdhKKf08TbOcaAvzXfpl8jEldBRvWkFat7OWTO6kA==",
      "requires": {
        "lodash": "^4.17.15",
        "prop-types": "^15.5.8",
        "react-fast-compare": "^2.0.0",
        "victory-core": "^34.1.3",
        "victory-shared-events": "^34.1.3"
      }
    },
    "victory-legend": {
      "version": "34.1.3",
      "resolved": "https://registry.npmjs.org/victory-legend/-/victory-legend-34.1.3.tgz",
      "integrity": "sha512-vVgkkd36znQ86p9UMq3ZFNyTZADQIfX3xKCfqiaoWQIgSW7yuqbAzKRyCTWrDGFGqw1O1008wy3oeVDojavEZA==",
      "requires": {
        "lodash": "^4.17.15",
        "prop-types": "^15.5.8",
        "victory-core": "^34.1.3"
      }
    },
    "victory-line": {
      "version": "34.1.3",
      "resolved": "https://registry.npmjs.org/victory-line/-/victory-line-34.1.3.tgz",
      "integrity": "sha512-vlEAs29rRcOSQosir9rcgXu9NoZv7vL/dV9ZODK0hF0OGP8Oo4h7mTagGz/yCz4jwfI9ZjhcizE2SgiQBxU3Gg==",
      "requires": {
        "d3-shape": "^1.2.0",
        "lodash": "^4.17.15",
        "prop-types": "^15.5.8",
        "victory-core": "^34.1.3"
      }
    },
    "victory-pie": {
      "version": "34.1.3",
      "resolved": "https://registry.npmjs.org/victory-pie/-/victory-pie-34.1.3.tgz",
      "integrity": "sha512-4D6idv+irOlu5spAqCKzg3qePbALvEudOH+dH/lhPly/FRz/jKfwlccHec7PQ5D0EEtdFPtO+zjw7XyESAdqkQ==",
      "requires": {
        "d3-shape": "^1.0.0",
        "lodash": "^4.17.15",
        "prop-types": "^15.5.8",
        "victory-core": "^34.1.3"
      }
    },
    "victory-polar-axis": {
      "version": "34.1.3",
      "resolved": "https://registry.npmjs.org/victory-polar-axis/-/victory-polar-axis-34.1.3.tgz",
      "integrity": "sha512-G4WCvkSi5s7LgQvwUEiFNpEmvzDhQkDzxmVnamOZfYXNk7WDRnwTJoOoQhNyqMP6GcCBNfMXtVt8nCEE2jqSlA==",
      "requires": {
        "lodash": "^4.17.15",
        "prop-types": "^15.5.8",
        "victory-core": "^34.1.3"
      }
    },
    "victory-scatter": {
      "version": "34.1.3",
      "resolved": "https://registry.npmjs.org/victory-scatter/-/victory-scatter-34.1.3.tgz",
      "integrity": "sha512-cLVbkNYwpMo/xAxMtISnyap6w+vTTjPg9kqp2iiZc4xpmRFVRnnJyHemmnJ4lxOaOW5glaBKTu9R00Mw4ossow==",
      "requires": {
        "lodash": "^4.17.15",
        "prop-types": "^15.5.8",
        "victory-core": "^34.1.3"
      }
    },
    "victory-selection-container": {
      "version": "34.1.3",
      "resolved": "https://registry.npmjs.org/victory-selection-container/-/victory-selection-container-34.1.3.tgz",
      "integrity": "sha512-cwRqzKbD2LdVgpHtlOt7ywnN0lXcbZvhez6VGYTw185jkOos1cwo00rYXpuLlza16gcFcaaCesLEHt+ZRuJ9nQ==",
      "requires": {
        "lodash": "^4.17.15",
        "prop-types": "^15.5.8",
        "victory-core": "^34.1.3"
      }
    },
    "victory-shared-events": {
      "version": "34.1.3",
      "resolved": "https://registry.npmjs.org/victory-shared-events/-/victory-shared-events-34.1.3.tgz",
      "integrity": "sha512-GvABIT6frCdpqSjNg7lMgmVItD2fRviwFPUi4/2QQPysfu9GFMMFL3NenNYh4ezeowGIAdEQgiGh4Q3NCXfGIg==",
      "requires": {
        "lodash": "^4.17.15",
        "prop-types": "^15.5.8",
        "react-fast-compare": "^2.0.0",
        "victory-core": "^34.1.3"
      }
    },
    "victory-stack": {
      "version": "34.1.3",
      "resolved": "https://registry.npmjs.org/victory-stack/-/victory-stack-34.1.3.tgz",
      "integrity": "sha512-pU5bAmu5dwJZjZpbhUcnKzXyO9RNn5tDXj8Cu3+SfBsiXoxn09OuFhHDl9x0uBkyNhnubKuv5I2ZQviceqq95Q==",
      "requires": {
        "lodash": "^4.17.15",
        "prop-types": "^15.5.8",
        "react-fast-compare": "^2.0.0",
        "victory-core": "^34.1.3",
        "victory-shared-events": "^34.1.3"
      }
    },
    "victory-tooltip": {
      "version": "34.1.3",
      "resolved": "https://registry.npmjs.org/victory-tooltip/-/victory-tooltip-34.1.3.tgz",
      "integrity": "sha512-Hk8YNiXnpz+LYBlmS19Rn+W1hbb++atYAAx6nWeMHHOND3hsvKDnejeImXqaMQvrP8uRcoq2J9eFGwQs0ifvYw==",
      "requires": {
        "lodash": "^4.17.15",
        "prop-types": "^15.5.8",
        "victory-core": "^34.1.3"
      }
    },
    "victory-voronoi": {
      "version": "34.1.3",
      "resolved": "https://registry.npmjs.org/victory-voronoi/-/victory-voronoi-34.1.3.tgz",
      "integrity": "sha512-Hbj9u4DLTUYqdRoPBeivqLX2YlCJhKKpaidftm3XxAuQp80c6FOaN16STcQv1Ffb3PDiylm2GRXu5lUa9BQvMw==",
      "requires": {
        "d3-voronoi": "^1.1.2",
        "lodash": "^4.17.15",
        "prop-types": "^15.5.8",
        "victory-core": "^34.1.3"
      }
    },
    "victory-voronoi-container": {
      "version": "34.1.3",
      "resolved": "https://registry.npmjs.org/victory-voronoi-container/-/victory-voronoi-container-34.1.3.tgz",
      "integrity": "sha512-Em9B36MUYBxoTHIehAznp5sfgEetqPGUjm5kIuXBl81hnp/gbASYOotszcbwMYPgSwouvmRNPphodcRMQxj23A==",
      "requires": {
        "delaunay-find": "0.0.5",
        "lodash": "^4.17.15",
        "prop-types": "^15.5.8",
        "react-fast-compare": "^2.0.0",
        "victory-core": "^34.1.3",
        "victory-tooltip": "^34.1.3"
      }
    },
    "victory-zoom-container": {
      "version": "34.1.3",
      "resolved": "https://registry.npmjs.org/victory-zoom-container/-/victory-zoom-container-34.1.3.tgz",
      "integrity": "sha512-htJydoxGU+f/hvj0F6xp2tcd1FhWWxSKrjkqa0nM4YK68r7c+1fSpmI940AaUhGAET3j8VEICTvS2JixU6oGPw==",
      "requires": {
        "lodash": "^4.17.15",
        "prop-types": "^15.5.8",
        "victory-core": "^34.1.3"
      }
    }
  }
}
